// !$*UTF8*$!
{
	archiveVersion = 1;
	classes = {
	};
	objectVersion = 48;
	objects = {

/* Begin PBXBuildFile section */
		E0232250209E519800B002B3 /* Resnet50.mlmodel in Sources */ = {isa = PBXBuildFile; fileRef = E023224F209E519800B002B3 /* Resnet50.mlmodel */; };
		E0232260209FF82200B002B3 /* Hand.mlmodel in Sources */ = {isa = PBXBuildFile; fileRef = E023225F209FF82200B002B3 /* Hand.mlmodel */; };
		E023226320A09AE200B002B3 /* opencv2.framework in Frameworks */ = {isa = PBXBuildFile; fileRef = E023226220A09AE200B002B3 /* opencv2.framework */; };
		E023226520A09AFC00B002B3 /* AssetsLibrary.framework in Frameworks */ = {isa = PBXBuildFile; fileRef = E023226420A09AFC00B002B3 /* AssetsLibrary.framework */; };
		E023226720A09B0800B002B3 /* CoreGraphics.framework in Frameworks */ = {isa = PBXBuildFile; fileRef = E023226620A09B0800B002B3 /* CoreGraphics.framework */; };
		E023226920A09B2400B002B3 /* CoreMedia.framework in Frameworks */ = {isa = PBXBuildFile; fileRef = E023226820A09B2400B002B3 /* CoreMedia.framework */; };
		E023226B20A09B3000B002B3 /* CoreFoundation.framework in Frameworks */ = {isa = PBXBuildFile; fileRef = E023226A20A09B3000B002B3 /* CoreFoundation.framework */; };
		E023226D20A09B3600B002B3 /* Accelerate.framework in Frameworks */ = {isa = PBXBuildFile; fileRef = E023226C20A09B3600B002B3 /* Accelerate.framework */; };
		E023227B20A09DDD00B002B3 /* OpenCVWrapper.mm in Sources */ = {isa = PBXBuildFile; fileRef = E023227A20A09DDD00B002B3 /* OpenCVWrapper.mm */; };
		E023227F20A0D80B00B002B3 /* mandrill.png in Resources */ = {isa = PBXBuildFile; fileRef = E023227E20A0D80B00B002B3 /* mandrill.png */; };
		E0D3209E2071CF2E005862F2 /* AppDelegate.swift in Sources */ = {isa = PBXBuildFile; fileRef = E0D3209D2071CF2E005862F2 /* AppDelegate.swift */; };
		E0D320A02071CF2E005862F2 /* ViewController.swift in Sources */ = {isa = PBXBuildFile; fileRef = E0D3209F2071CF2E005862F2 /* ViewController.swift */; };
		E0D320A32071CF2E005862F2 /* Main.storyboard in Resources */ = {isa = PBXBuildFile; fileRef = E0D320A12071CF2E005862F2 /* Main.storyboard */; };
		E0D320A52071CF2E005862F2 /* Assets.xcassets in Resources */ = {isa = PBXBuildFile; fileRef = E0D320A42071CF2E005862F2 /* Assets.xcassets */; };
		E0D320A82071CF2E005862F2 /* LaunchScreen.storyboard in Resources */ = {isa = PBXBuildFile; fileRef = E0D320A62071CF2E005862F2 /* LaunchScreen.storyboard */; };
		E0D320B32071CF2E005862F2 /* AROSTests.swift in Sources */ = {isa = PBXBuildFile; fileRef = E0D320B22071CF2E005862F2 /* AROSTests.swift */; };
		E0D320BE2071CF2E005862F2 /* AROSUITests.swift in Sources */ = {isa = PBXBuildFile; fileRef = E0D320BD2071CF2E005862F2 /* AROSUITests.swift */; };
/* End PBXBuildFile section */

/* Begin PBXContainerItemProxy section */
		E0D320AF2071CF2E005862F2 /* PBXContainerItemProxy */ = {
			isa = PBXContainerItemProxy;
			containerPortal = E0D320922071CF2E005862F2 /* Project object */;
			proxyType = 1;
			remoteGlobalIDString = E0D320992071CF2E005862F2;
			remoteInfo = AROS;
		};
		E0D320BA2071CF2E005862F2 /* PBXContainerItemProxy */ = {
			isa = PBXContainerItemProxy;
			containerPortal = E0D320922071CF2E005862F2 /* Project object */;
			proxyType = 1;
			remoteGlobalIDString = E0D320992071CF2E005862F2;
			remoteInfo = AROS;
		};
/* End PBXContainerItemProxy section */

/* Begin PBXFileReference section */
		E023224F209E519800B002B3 /* Resnet50.mlmodel */ = {isa = PBXFileReference; lastKnownFileType = file.mlmodel; path = Resnet50.mlmodel; sourceTree = "<group>"; };
		E023225F209FF82200B002B3 /* Hand.mlmodel */ = {isa = PBXFileReference; lastKnownFileType = file.mlmodel; path = Hand.mlmodel; sourceTree = "<group>"; };
		E023226220A09AE200B002B3 /* opencv2.framework */ = {isa = PBXFileReference; lastKnownFileType = wrapper.framework; name = opencv2.framework; path = ../../Downloads/opencv2.framework; sourceTree = "<group>"; };
		E023226420A09AFC00B002B3 /* AssetsLibrary.framework */ = {isa = PBXFileReference; lastKnownFileType = wrapper.framework; name = AssetsLibrary.framework; path = System/Library/Frameworks/AssetsLibrary.framework; sourceTree = SDKROOT; };
		E023226620A09B0800B002B3 /* CoreGraphics.framework */ = {isa = PBXFileReference; lastKnownFileType = wrapper.framework; name = CoreGraphics.framework; path = System/Library/Frameworks/CoreGraphics.framework; sourceTree = SDKROOT; };
		E023226820A09B2400B002B3 /* CoreMedia.framework */ = {isa = PBXFileReference; lastKnownFileType = wrapper.framework; name = CoreMedia.framework; path = System/Library/Frameworks/CoreMedia.framework; sourceTree = SDKROOT; };
		E023226A20A09B3000B002B3 /* CoreFoundation.framework */ = {isa = PBXFileReference; lastKnownFileType = wrapper.framework; name = CoreFoundation.framework; path = System/Library/Frameworks/CoreFoundation.framework; sourceTree = SDKROOT; };
		E023226C20A09B3600B002B3 /* Accelerate.framework */ = {isa = PBXFileReference; lastKnownFileType = wrapper.framework; name = Accelerate.framework; path = System/Library/Frameworks/Accelerate.framework; sourceTree = SDKROOT; };
		E023227820A09DDD00B002B3 /* AROS-Bridging-Header.h */ = {isa = PBXFileReference; lastKnownFileType = sourcecode.c.h; path = "AROS-Bridging-Header.h"; sourceTree = "<group>"; };
		E023227920A09DDD00B002B3 /* OpenCVWrapper.h */ = {isa = PBXFileReference; lastKnownFileType = sourcecode.c.h; path = OpenCVWrapper.h; sourceTree = "<group>"; };
		E023227A20A09DDD00B002B3 /* OpenCVWrapper.mm */ = {isa = PBXFileReference; lastKnownFileType = sourcecode.cpp.objcpp; path = OpenCVWrapper.mm; sourceTree = "<group>"; };
		E023227C20A09EA500B002B3 /* PrefixHeader.pch */ = {isa = PBXFileReference; lastKnownFileType = sourcecode.c.h; path = PrefixHeader.pch; sourceTree = "<group>"; };
		E023227E20A0D80B00B002B3 /* mandrill.png */ = {isa = PBXFileReference; lastKnownFileType = image.png; path = mandrill.png; sourceTree = "<group>"; };
		E0D3209A2071CF2E005862F2 /* AROS.app */ = {isa = PBXFileReference; explicitFileType = wrapper.application; includeInIndex = 0; path = AROS.app; sourceTree = BUILT_PRODUCTS_DIR; };
		E0D3209D2071CF2E005862F2 /* AppDelegate.swift */ = {isa = PBXFileReference; lastKnownFileType = sourcecode.swift; path = AppDelegate.swift; sourceTree = "<group>"; };
		E0D3209F2071CF2E005862F2 /* ViewController.swift */ = {isa = PBXFileReference; lastKnownFileType = sourcecode.swift; path = ViewController.swift; sourceTree = "<group>"; };
		E0D320A22071CF2E005862F2 /* Base */ = {isa = PBXFileReference; lastKnownFileType = file.storyboard; name = Base; path = Base.lproj/Main.storyboard; sourceTree = "<group>"; };
		E0D320A42071CF2E005862F2 /* Assets.xcassets */ = {isa = PBXFileReference; lastKnownFileType = folder.assetcatalog; path = Assets.xcassets; sourceTree = "<group>"; };
		E0D320A72071CF2E005862F2 /* Base */ = {isa = PBXFileReference; lastKnownFileType = file.storyboard; name = Base; path = Base.lproj/LaunchScreen.storyboard; sourceTree = "<group>"; };
		E0D320A92071CF2E005862F2 /* Info.plist */ = {isa = PBXFileReference; lastKnownFileType = text.plist.xml; path = Info.plist; sourceTree = "<group>"; };
		E0D320AE2071CF2E005862F2 /* AROSTests.xctest */ = {isa = PBXFileReference; explicitFileType = wrapper.cfbundle; includeInIndex = 0; path = AROSTests.xctest; sourceTree = BUILT_PRODUCTS_DIR; };
		E0D320B22071CF2E005862F2 /* AROSTests.swift */ = {isa = PBXFileReference; lastKnownFileType = sourcecode.swift; path = AROSTests.swift; sourceTree = "<group>"; };
		E0D320B42071CF2E005862F2 /* Info.plist */ = {isa = PBXFileReference; lastKnownFileType = text.plist.xml; path = Info.plist; sourceTree = "<group>"; };
		E0D320B92071CF2E005862F2 /* AROSUITests.xctest */ = {isa = PBXFileReference; explicitFileType = wrapper.cfbundle; includeInIndex = 0; path = AROSUITests.xctest; sourceTree = BUILT_PRODUCTS_DIR; };
		E0D320BD2071CF2E005862F2 /* AROSUITests.swift */ = {isa = PBXFileReference; lastKnownFileType = sourcecode.swift; path = AROSUITests.swift; sourceTree = "<group>"; };
		E0D320BF2071CF2E005862F2 /* Info.plist */ = {isa = PBXFileReference; lastKnownFileType = text.plist.xml; path = Info.plist; sourceTree = "<group>"; };
/* End PBXFileReference section */

/* Begin PBXFrameworksBuildPhase section */
		E0D320972071CF2E005862F2 /* Frameworks */ = {
			isa = PBXFrameworksBuildPhase;
			buildActionMask = 2147483647;
			files = (
				E023226D20A09B3600B002B3 /* Accelerate.framework in Frameworks */,
				E023226B20A09B3000B002B3 /* CoreFoundation.framework in Frameworks */,
				E023226920A09B2400B002B3 /* CoreMedia.framework in Frameworks */,
				E023226720A09B0800B002B3 /* CoreGraphics.framework in Frameworks */,
				E023226520A09AFC00B002B3 /* AssetsLibrary.framework in Frameworks */,
				E023226320A09AE200B002B3 /* opencv2.framework in Frameworks */,
			);
			runOnlyForDeploymentPostprocessing = 0;
		};
		E0D320AB2071CF2E005862F2 /* Frameworks */ = {
			isa = PBXFrameworksBuildPhase;
			buildActionMask = 2147483647;
			files = (
			);
			runOnlyForDeploymentPostprocessing = 0;
		};
		E0D320B62071CF2E005862F2 /* Frameworks */ = {
			isa = PBXFrameworksBuildPhase;
			buildActionMask = 2147483647;
			files = (
			);
			runOnlyForDeploymentPostprocessing = 0;
		};
/* End PBXFrameworksBuildPhase section */

/* Begin PBXGroup section */
		E023226120A09AE100B002B3 /* Frameworks */ = {
			isa = PBXGroup;
			children = (
				E023226C20A09B3600B002B3 /* Accelerate.framework */,
				E023226A20A09B3000B002B3 /* CoreFoundation.framework */,
				E023226820A09B2400B002B3 /* CoreMedia.framework */,
				E023226620A09B0800B002B3 /* CoreGraphics.framework */,
				E023226420A09AFC00B002B3 /* AssetsLibrary.framework */,
				E023226220A09AE200B002B3 /* opencv2.framework */,
			);
			name = Frameworks;
			sourceTree = "<group>";
		};
		E023227D20A0D7DE00B002B3 /* Images */ = {
			isa = PBXGroup;
			children = (
				E023227E20A0D80B00B002B3 /* mandrill.png */,
			);
			path = Images;
			sourceTree = "<group>";
		};
		E0D320912071CF2E005862F2 = {
			isa = PBXGroup;
			children = (
				E023227D20A0D7DE00B002B3 /* Images */,
				E0D3209C2071CF2E005862F2 /* AROS */,
				E0D320B12071CF2E005862F2 /* AROSTests */,
				E0D320BC2071CF2E005862F2 /* AROSUITests */,
				E0D3209B2071CF2E005862F2 /* Products */,
				E023226120A09AE100B002B3 /* Frameworks */,
			);
			sourceTree = "<group>";
		};
		E0D3209B2071CF2E005862F2 /* Products */ = {
			isa = PBXGroup;
			children = (
				E0D3209A2071CF2E005862F2 /* AROS.app */,
				E0D320AE2071CF2E005862F2 /* AROSTests.xctest */,
				E0D320B92071CF2E005862F2 /* AROSUITests.xctest */,
			);
			name = Products;
			sourceTree = "<group>";
		};
		E0D3209C2071CF2E005862F2 /* AROS */ = {
			isa = PBXGroup;
			children = (
				E023227C20A09EA500B002B3 /* PrefixHeader.pch */,
				E023227920A09DDD00B002B3 /* OpenCVWrapper.h */,
				E023227A20A09DDD00B002B3 /* OpenCVWrapper.mm */,
				E023225F209FF82200B002B3 /* Hand.mlmodel */,
				E023224F209E519800B002B3 /* Resnet50.mlmodel */,
				E0D3209D2071CF2E005862F2 /* AppDelegate.swift */,
				E0D3209F2071CF2E005862F2 /* ViewController.swift */,
				E0D320A12071CF2E005862F2 /* Main.storyboard */,
				E0D320A42071CF2E005862F2 /* Assets.xcassets */,
				E0D320A62071CF2E005862F2 /* LaunchScreen.storyboard */,
				E0D320A92071CF2E005862F2 /* Info.plist */,
				E023227820A09DDD00B002B3 /* AROS-Bridging-Header.h */,
			);
			path = AROS;
			sourceTree = "<group>";
		};
		E0D320B12071CF2E005862F2 /* AROSTests */ = {
			isa = PBXGroup;
			children = (
				E0D320B22071CF2E005862F2 /* AROSTests.swift */,
				E0D320B42071CF2E005862F2 /* Info.plist */,
			);
			path = AROSTests;
			sourceTree = "<group>";
		};
		E0D320BC2071CF2E005862F2 /* AROSUITests */ = {
			isa = PBXGroup;
			children = (
				E0D320BD2071CF2E005862F2 /* AROSUITests.swift */,
				E0D320BF2071CF2E005862F2 /* Info.plist */,
			);
			path = AROSUITests;
			sourceTree = "<group>";
		};
/* End PBXGroup section */

/* Begin PBXNativeTarget section */
		E0D320992071CF2E005862F2 /* AROS */ = {
			isa = PBXNativeTarget;
			buildConfigurationList = E0D320C22071CF2E005862F2 /* Build configuration list for PBXNativeTarget "AROS" */;
			buildPhases = (
				E0D320962071CF2E005862F2 /* Sources */,
				E0D320972071CF2E005862F2 /* Frameworks */,
				E0D320982071CF2E005862F2 /* Resources */,
			);
			buildRules = (
			);
			dependencies = (
			);
			name = AROS;
			productName = AROS;
			productReference = E0D3209A2071CF2E005862F2 /* AROS.app */;
			productType = "com.apple.product-type.application";
		};
		E0D320AD2071CF2E005862F2 /* AROSTests */ = {
			isa = PBXNativeTarget;
			buildConfigurationList = E0D320C52071CF2E005862F2 /* Build configuration list for PBXNativeTarget "AROSTests" */;
			buildPhases = (
				E0D320AA2071CF2E005862F2 /* Sources */,
				E0D320AB2071CF2E005862F2 /* Frameworks */,
				E0D320AC2071CF2E005862F2 /* Resources */,
			);
			buildRules = (
			);
			dependencies = (
				E0D320B02071CF2E005862F2 /* PBXTargetDependency */,
			);
			name = AROSTests;
			productName = AROSTests;
			productReference = E0D320AE2071CF2E005862F2 /* AROSTests.xctest */;
			productType = "com.apple.product-type.bundle.unit-test";
		};
		E0D320B82071CF2E005862F2 /* AROSUITests */ = {
			isa = PBXNativeTarget;
			buildConfigurationList = E0D320C82071CF2E005862F2 /* Build configuration list for PBXNativeTarget "AROSUITests" */;
			buildPhases = (
				E0D320B52071CF2E005862F2 /* Sources */,
				E0D320B62071CF2E005862F2 /* Frameworks */,
				E0D320B72071CF2E005862F2 /* Resources */,
			);
			buildRules = (
			);
			dependencies = (
				E0D320BB2071CF2E005862F2 /* PBXTargetDependency */,
			);
			name = AROSUITests;
			productName = AROSUITests;
			productReference = E0D320B92071CF2E005862F2 /* AROSUITests.xctest */;
			productType = "com.apple.product-type.bundle.ui-testing";
		};
/* End PBXNativeTarget section */

/* Begin PBXProject section */
		E0D320922071CF2E005862F2 /* Project object */ = {
			isa = PBXProject;
			attributes = {
				LastSwiftUpdateCheck = 0920;
				LastUpgradeCheck = 0920;
				ORGANIZATIONNAME = "Zura Mestiashvili";
				TargetAttributes = {
					E0D320992071CF2E005862F2 = {
						CreatedOnToolsVersion = 9.2;
						LastSwiftMigration = 0930;
						ProvisioningStyle = Automatic;
					};
					E0D320AD2071CF2E005862F2 = {
						CreatedOnToolsVersion = 9.2;
						ProvisioningStyle = Automatic;
						TestTargetID = E0D320992071CF2E005862F2;
					};
					E0D320B82071CF2E005862F2 = {
						CreatedOnToolsVersion = 9.2;
						ProvisioningStyle = Automatic;
						TestTargetID = E0D320992071CF2E005862F2;
					};
				};
			};
			buildConfigurationList = E0D320952071CF2E005862F2 /* Build configuration list for PBXProject "AROS" */;
			compatibilityVersion = "Xcode 8.0";
			developmentRegion = en;
			hasScannedForEncodings = 0;
			knownRegions = (
				en,
				Base,
			);
			mainGroup = E0D320912071CF2E005862F2;
			productRefGroup = E0D3209B2071CF2E005862F2 /* Products */;
			projectDirPath = "";
			projectRoot = "";
			targets = (
				E0D320992071CF2E005862F2 /* AROS */,
				E0D320AD2071CF2E005862F2 /* AROSTests */,
				E0D320B82071CF2E005862F2 /* AROSUITests */,
			);
		};
/* End PBXProject section */

/* Begin PBXResourcesBuildPhase section */
		E0D320982071CF2E005862F2 /* Resources */ = {
			isa = PBXResourcesBuildPhase;
			buildActionMask = 2147483647;
			files = (
				E0D320A82071CF2E005862F2 /* LaunchScreen.storyboard in Resources */,
				E0D320A52071CF2E005862F2 /* Assets.xcassets in Resources */,
				E023227F20A0D80B00B002B3 /* mandrill.png in Resources */,
				E0D320A32071CF2E005862F2 /* Main.storyboard in Resources */,
			);
			runOnlyForDeploymentPostprocessing = 0;
		};
		E0D320AC2071CF2E005862F2 /* Resources */ = {
			isa = PBXResourcesBuildPhase;
			buildActionMask = 2147483647;
			files = (
			);
			runOnlyForDeploymentPostprocessing = 0;
		};
		E0D320B72071CF2E005862F2 /* Resources */ = {
			isa = PBXResourcesBuildPhase;
			buildActionMask = 2147483647;
			files = (
			);
			runOnlyForDeploymentPostprocessing = 0;
		};
/* End PBXResourcesBuildPhase section */

/* Begin PBXSourcesBuildPhase section */
		E0D320962071CF2E005862F2 /* Sources */ = {
			isa = PBXSourcesBuildPhase;
			buildActionMask = 2147483647;
			files = (
				E0D320A02071CF2E005862F2 /* ViewController.swift in Sources */,
				E023227B20A09DDD00B002B3 /* OpenCVWrapper.mm in Sources */,
				E0232250209E519800B002B3 /* Resnet50.mlmodel in Sources */,
				E0D3209E2071CF2E005862F2 /* AppDelegate.swift in Sources */,
				E0232260209FF82200B002B3 /* Hand.mlmodel in Sources */,
			);
			runOnlyForDeploymentPostprocessing = 0;
		};
		E0D320AA2071CF2E005862F2 /* Sources */ = {
			isa = PBXSourcesBuildPhase;
			buildActionMask = 2147483647;
			files = (
				E0D320B32071CF2E005862F2 /* AROSTests.swift in Sources */,
			);
			runOnlyForDeploymentPostprocessing = 0;
		};
		E0D320B52071CF2E005862F2 /* Sources */ = {
			isa = PBXSourcesBuildPhase;
			buildActionMask = 2147483647;
			files = (
				E0D320BE2071CF2E005862F2 /* AROSUITests.swift in Sources */,
			);
			runOnlyForDeploymentPostprocessing = 0;
		};
/* End PBXSourcesBuildPhase section */

/* Begin PBXTargetDependency section */
		E0D320B02071CF2E005862F2 /* PBXTargetDependency */ = {
			isa = PBXTargetDependency;
			target = E0D320992071CF2E005862F2 /* AROS */;
			targetProxy = E0D320AF2071CF2E005862F2 /* PBXContainerItemProxy */;
		};
		E0D320BB2071CF2E005862F2 /* PBXTargetDependency */ = {
			isa = PBXTargetDependency;
			target = E0D320992071CF2E005862F2 /* AROS */;
			targetProxy = E0D320BA2071CF2E005862F2 /* PBXContainerItemProxy */;
		};
/* End PBXTargetDependency section */

/* Begin PBXVariantGroup section */
		E0D320A12071CF2E005862F2 /* Main.storyboard */ = {
			isa = PBXVariantGroup;
			children = (
				E0D320A22071CF2E005862F2 /* Base */,
			);
			name = Main.storyboard;
			sourceTree = "<group>";
		};
		E0D320A62071CF2E005862F2 /* LaunchScreen.storyboard */ = {
			isa = PBXVariantGroup;
			children = (
				E0D320A72071CF2E005862F2 /* Base */,
			);
			name = LaunchScreen.storyboard;
			sourceTree = "<group>";
		};
/* End PBXVariantGroup section */

/* Begin XCBuildConfiguration section */
		E0D320C02071CF2E005862F2 /* Debug */ = {
			isa = XCBuildConfiguration;
			buildSettings = {
				ALWAYS_SEARCH_USER_PATHS = NO;
				CLANG_ANALYZER_NONNULL = YES;
				CLANG_ANALYZER_NUMBER_OBJECT_CONVERSION = YES_AGGRESSIVE;
				CLANG_CXX_LANGUAGE_STANDARD = "gnu++14";
				CLANG_CXX_LIBRARY = "libc++";
				CLANG_ENABLE_MODULES = YES;
				CLANG_ENABLE_OBJC_ARC = YES;
				CLANG_WARN_BLOCK_CAPTURE_AUTORELEASING = YES;
				CLANG_WARN_BOOL_CONVERSION = YES;
				CLANG_WARN_COMMA = YES;
				CLANG_WARN_CONSTANT_CONVERSION = YES;
				CLANG_WARN_DIRECT_OBJC_ISA_USAGE = YES_ERROR;
				CLANG_WARN_DOCUMENTATION_COMMENTS = YES;
				CLANG_WARN_EMPTY_BODY = YES;
				CLANG_WARN_ENUM_CONVERSION = YES;
				CLANG_WARN_INFINITE_RECURSION = YES;
				CLANG_WARN_INT_CONVERSION = YES;
				CLANG_WARN_NON_LITERAL_NULL_CONVERSION = YES;
				CLANG_WARN_OBJC_LITERAL_CONVERSION = YES;
				CLANG_WARN_OBJC_ROOT_CLASS = YES_ERROR;
				CLANG_WARN_RANGE_LOOP_ANALYSIS = YES;
				CLANG_WARN_STRICT_PROTOTYPES = YES;
				CLANG_WARN_SUSPICIOUS_MOVE = YES;
				CLANG_WARN_UNGUARDED_AVAILABILITY = YES_AGGRESSIVE;
				CLANG_WARN_UNREACHABLE_CODE = YES;
				CLANG_WARN__DUPLICATE_METHOD_MATCH = YES;
				CODE_SIGN_IDENTITY = "iPhone Developer";
				COPY_PHASE_STRIP = NO;
				DEBUG_INFORMATION_FORMAT = dwarf;
				ENABLE_STRICT_OBJC_MSGSEND = YES;
				ENABLE_TESTABILITY = YES;
				GCC_C_LANGUAGE_STANDARD = gnu11;
				GCC_DYNAMIC_NO_PIC = NO;
				GCC_NO_COMMON_BLOCKS = YES;
				GCC_OPTIMIZATION_LEVEL = 0;
				GCC_PREPROCESSOR_DEFINITIONS = (
					"DEBUG=1",
					"$(inherited)",
				);
				GCC_WARN_64_TO_32_BIT_CONVERSION = YES;
				GCC_WARN_ABOUT_RETURN_TYPE = YES_ERROR;
				GCC_WARN_UNDECLARED_SELECTOR = YES;
				GCC_WARN_UNINITIALIZED_AUTOS = YES_AGGRESSIVE;
				GCC_WARN_UNUSED_FUNCTION = YES;
				GCC_WARN_UNUSED_VARIABLE = YES;
				IPHONEOS_DEPLOYMENT_TARGET = 11.2;
				MTL_ENABLE_DEBUG_INFO = YES;
				ONLY_ACTIVE_ARCH = YES;
				SDKROOT = iphoneos;
				SWIFT_ACTIVE_COMPILATION_CONDITIONS = DEBUG;
				SWIFT_OPTIMIZATION_LEVEL = "-Onone";
			};
			name = Debug;
		};
		E0D320C12071CF2E005862F2 /* Release */ = {
			isa = XCBuildConfiguration;
			buildSettings = {
				ALWAYS_SEARCH_USER_PATHS = NO;
				CLANG_ANALYZER_NONNULL = YES;
				CLANG_ANALYZER_NUMBER_OBJECT_CONVERSION = YES_AGGRESSIVE;
				CLANG_CXX_LANGUAGE_STANDARD = "gnu++14";
				CLANG_CXX_LIBRARY = "libc++";
				CLANG_ENABLE_MODULES = YES;
				CLANG_ENABLE_OBJC_ARC = YES;
				CLANG_WARN_BLOCK_CAPTURE_AUTORELEASING = YES;
				CLANG_WARN_BOOL_CONVERSION = YES;
				CLANG_WARN_COMMA = YES;
				CLANG_WARN_CONSTANT_CONVERSION = YES;
				CLANG_WARN_DIRECT_OBJC_ISA_USAGE = YES_ERROR;
				CLANG_WARN_DOCUMENTATION_COMMENTS = YES;
				CLANG_WARN_EMPTY_BODY = YES;
				CLANG_WARN_ENUM_CONVERSION = YES;
				CLANG_WARN_INFINITE_RECURSION = YES;
				CLANG_WARN_INT_CONVERSION = YES;
				CLANG_WARN_NON_LITERAL_NULL_CONVERSION = YES;
				CLANG_WARN_OBJC_LITERAL_CONVERSION = YES;
				CLANG_WARN_OBJC_ROOT_CLASS = YES_ERROR;
				CLANG_WARN_RANGE_LOOP_ANALYSIS = YES;
				CLANG_WARN_STRICT_PROTOTYPES = YES;
				CLANG_WARN_SUSPICIOUS_MOVE = YES;
				CLANG_WARN_UNGUARDED_AVAILABILITY = YES_AGGRESSIVE;
				CLANG_WARN_UNREACHABLE_CODE = YES;
				CLANG_WARN__DUPLICATE_METHOD_MATCH = YES;
				CODE_SIGN_IDENTITY = "iPhone Developer";
				COPY_PHASE_STRIP = NO;
				DEBUG_INFORMATION_FORMAT = "dwarf-with-dsym";
				ENABLE_NS_ASSERTIONS = NO;
				ENABLE_STRICT_OBJC_MSGSEND = YES;
				GCC_C_LANGUAGE_STANDARD = gnu11;
				GCC_NO_COMMON_BLOCKS = YES;
				GCC_WARN_64_TO_32_BIT_CONVERSION = YES;
				GCC_WARN_ABOUT_RETURN_TYPE = YES_ERROR;
				GCC_WARN_UNDECLARED_SELECTOR = YES;
				GCC_WARN_UNINITIALIZED_AUTOS = YES_AGGRESSIVE;
				GCC_WARN_UNUSED_FUNCTION = YES;
				GCC_WARN_UNUSED_VARIABLE = YES;
				IPHONEOS_DEPLOYMENT_TARGET = 11.2;
				MTL_ENABLE_DEBUG_INFO = NO;
				SDKROOT = iphoneos;
				SWIFT_OPTIMIZATION_LEVEL = "-Owholemodule";
				VALIDATE_PRODUCT = YES;
			};
			name = Release;
		};
		E0D320C32071CF2E005862F2 /* Debug */ = {
			isa = XCBuildConfiguration;
			buildSettings = {
				ASSETCATALOG_COMPILER_APPICON_NAME = AppIcon;
				CLANG_ENABLE_MODULES = YES;
				CODE_SIGN_STYLE = Automatic;
				DEVELOPMENT_TEAM = 63U9BE4A54;
				"FRAMEWORK_SEARCH_PATHS[arch=*]" = (
					/Users/prosperi/Downloads/,
					"$(PROJECT_DIR)/",
				);
				GCC_PRECOMPILE_PREFIX_HEADER = YES;
				GCC_PREFIX_HEADER = "$(SRCROOT)/AROS/PrefixHeader.pch";
				INFOPLIST_FILE = AROS/Info.plist;
				LD_RUNPATH_SEARCH_PATHS = "$(inherited) @executable_path/Frameworks";
				PRODUCT_BUNDLE_IDENTIFIER = me.prosperri.AROS;
				PRODUCT_NAME = "$(TARGET_NAME)";
				SWIFT_OBJC_BRIDGING_HEADER = "AROS/AROS-Bridging-Header.h";
				SWIFT_OPTIMIZATION_LEVEL = "-Onone";
				SWIFT_VERSION = 4.0;
				TARGETED_DEVICE_FAMILY = "1,2";
			};
			name = Debug;
		};
		E0D320C42071CF2E005862F2 /* Release */ = {
			isa = XCBuildConfiguration;
			buildSettings = {
				ASSETCATALOG_COMPILER_APPICON_NAME = AppIcon;
				CLANG_ENABLE_MODULES = YES;
				CODE_SIGN_STYLE = Automatic;
				DEVELOPMENT_TEAM = 63U9BE4A54;
				"FRAMEWORK_SEARCH_PATHS[arch=*]" = (
					"$(PROJECT_DIR)",
					/Users/prosperi/Downloads/,
				);
				GCC_PRECOMPILE_PREFIX_HEADER = YES;
				GCC_PREFIX_HEADER = "$(SRCROOT)/AROS/PrefixHeader.pch";
				INFOPLIST_FILE = AROS/Info.plist;
				LD_RUNPATH_SEARCH_PATHS = "$(inherited) @executable_path/Frameworks";
				PRODUCT_BUNDLE_IDENTIFIER = me.prosperri.AROS;
				PRODUCT_NAME = "$(TARGET_NAME)";
				SWIFT_OBJC_BRIDGING_HEADER = "AROS/AROS-Bridging-Header.h";
				SWIFT_VERSION = 4.0;
				TARGETED_DEVICE_FAMILY = "1,2";
			};
			name = Release;
		};
		E0D320C62071CF2E005862F2 /* Debug */ = {
			isa = XCBuildConfiguration;
			buildSettings = {
				ALWAYS_EMBED_SWIFT_STANDARD_LIBRARIES = YES;
				BUNDLE_LOADER = "$(TEST_HOST)";
				CODE_SIGN_STYLE = Automatic;
				DEVELOPMENT_TEAM = 63U9BE4A54;
				INFOPLIST_FILE = AROSTests/Info.plist;
				LD_RUNPATH_SEARCH_PATHS = "$(inherited) @executable_path/Frameworks @loader_path/Frameworks";
				PRODUCT_BUNDLE_IDENTIFIER = me.prosperri.AROSTests;
				PRODUCT_NAME = "$(TARGET_NAME)";
				SWIFT_VERSION = 4.0;
				TARGETED_DEVICE_FAMILY = "1,2";
				TEST_HOST = "$(BUILT_PRODUCTS_DIR)/AROS.app/AROS";
			};
			name = Debug;
		};
		E0D320C72071CF2E005862F2 /* Release */ = {
			isa = XCBuildConfiguration;
			buildSettings = {
				ALWAYS_EMBED_SWIFT_STANDARD_LIBRARIES = YES;
				BUNDLE_LOADER = "$(TEST_HOST)";
				CODE_SIGN_STYLE = Automatic;
				DEVELOPMENT_TEAM = 63U9BE4A54;
				INFOPLIST_FILE = AROSTests/Info.plist;
				LD_RUNPATH_SEARCH_PATHS = "$(inherited) @executable_path/Frameworks @loader_path/Frameworks";
				PRODUCT_BUNDLE_IDENTIFIER = me.prosperri.AROSTests;
				PRODUCT_NAME = "$(TARGET_NAME)";
				SWIFT_VERSION = 4.0;
				TARGETED_DEVICE_FAMILY = "1,2";
				TEST_HOST = "$(BUILT_PRODUCTS_DIR)/AROS.app/AROS";
			};
			name = Release;
		};
		E0D320C92071CF2E005862F2 /* Debug */ = {
			isa = XCBuildConfiguration;
			buildSettings = {
				ALWAYS_EMBED_SWIFT_STANDARD_LIBRARIES = YES;
				CODE_SIGN_STYLE = Automatic;
				DEVELOPMENT_TEAM = 63U9BE4A54;
				INFOPLIST_FILE = AROSUITests/Info.plist;
				LD_RUNPATH_SEARCH_PATHS = "$(inherited) @executable_path/Frameworks @loader_path/Frameworks";
				PRODUCT_BUNDLE_IDENTIFIER = me.prosperri.AROSUITests;
				PRODUCT_NAME = "$(TARGET_NAME)";
				SWIFT_VERSION = 4.0;
				TARGETED_DEVICE_FAMILY = "1,2";
				TEST_TARGET_NAME = AROS;
			};
			name = Debug;
		};
		E0D320CA2071CF2E005862F2 /* Release */ = {
			isa = XCBuildConfiguration;
			buildSettings = {
				ALWAYS_EMBED_SWIFT_STANDARD_LIBRARIES = YES;
				CODE_SIGN_STYLE = Automatic;
				DEVELOPMENT_TEAM = 63U9BE4A54;
				INFOPLIST_FILE = AROSUITests/Info.plist;
				LD_RUNPATH_SEARCH_PATHS = "$(inherited) @executable_path/Frameworks @loader_path/Frameworks";
				PRODUCT_BUNDLE_IDENTIFIER = me.prosperri.AROSUITests;
				PRODUCT_NAME = "$(TARGET_NAME)";
				SWIFT_VERSION = 4.0;
				TARGETED_DEVICE_FAMILY = "1,2";
				TEST_TARGET_NAME = AROS;
			};
			name = Release;
		};
/* End XCBuildConfiguration section */

/* Begin XCConfigurationList section */
		E0D320952071CF2E005862F2 /* Build configuration list for PBXProject "AROS" */ = {
			isa = XCConfigurationList;
			buildConfigurations = (
				E0D320C02071CF2E005862F2 /* Debug */,
				E0D320C12071CF2E005862F2 /* Release */,
			);
			defaultConfigurationIsVisible = 0;
			defaultConfigurationName = Release;
		};
		E0D320C22071CF2E005862F2 /* Build configuration list for PBXNativeTarget "AROS" */ = {
			isa = XCConfigurationList;
			buildConfigurations = (
				E0D320C32071CF2E005862F2 /* Debug */,
				E0D320C42071CF2E005862F2 /* Release */,
			);
			defaultConfigurationIsVisible = 0;
			defaultConfigurationName = Release;
		};
		E0D320C52071CF2E005862F2 /* Build configuration list for PBXNativeTarget "AROSTests" */ = {
			isa = XCConfigurationList;
			buildConfigurations = (
				E0D320C62071CF2E005862F2 /* Debug */,
				E0D320C72071CF2E005862F2 /* Release */,
			);
			defaultConfigurationIsVisible = 0;
			defaultConfigurationName = Release;
		};
		E0D320C82071CF2E005862F2 /* Build configuration list for PBXNativeTarget "AROSUITests" */ = {
			isa = XCConfigurationList;
			buildConfigurations = (
				E0D320C92071CF2E005862F2 /* Debug */,
				E0D320CA2071CF2E005862F2 /* Release */,
			);
			defaultConfigurationIsVisible = 0;
			defaultConfigurationName = Release;
		};
/* End XCConfigurationList section */
	};
	rootObject = E0D320922071CF2E005862F2 /* Project object */;
}
